
Microsoft Visual Studio Solution File, Format Version 12.00
# Visual Studio Version 17
VisualStudioVersion = 17.0.32112.339
MinimumVisualStudioVersion = 10.0.40219.1
Project("{FAE04EC0-301F-11D3-BF4B-00C04F79EFBC}") = "ProyectoBetStars", "ProyectoBetStars\ProyectoBetStars.csproj", "{7F7349AB-1CC0-434D-A9C0-75E9D912FF91}"
EndProject
Global
	GlobalSection(SolutionConfigurationPlatforms) = preSolution
		Debug|Any CPU = Debug|Any CPU
		Release|Any CPU = Release|Any CPU
	EndGlobalSection
	GlobalSection(ProjectConfigurationPlatforms) = postSolution
		{7F7349AB-1CC0-434D-A9C0-75E9D912FF91}.Debug|Any CPU.ActiveCfg = Debug|Any CPU
		{7F7349AB-1CC0-434D-A9C0-75E9D912FF91}.Debug|Any CPU.Build.0 = Debug|Any CPU
		{7F7349AB-1CC0-434D-A9C0-75E9D912FF91}.Release|Any CPU.ActiveCfg = Release|Any CPU
		{7F7349AB-1CC0-434D-A9C0-75E9D912FF91}.Release|Any CPU.Build.0 = Release|Any CPU
	EndGlobalSection
	GlobalSection(SolutionProperties) = preSolution
		HideSolutionNode = FALSE
	EndGlobalSection
	GlobalSection(ExtensibilityGlobals) = postSolution
		SolutionGuid = {3025C0A6-8A80-4DF2-92AA-D71AFD4443C0}
	EndGlobalSection
EndGlobal
